
Microsoft Visual Studio Solution File, Format Version 12.00
# Visual Studio Version 17
VisualStudioVersion = 17.6.33815.320
MinimumVisualStudioVersion = 10.0.40219.1
Project("{FAE04EC0-301F-11D3-BF4B-00C04F79EFBC}") = "Student registration app", "Student registration app\Student registration app.csproj", "{EDC2BEE8-7B0E-4B42-A1BB-1385F12AD5B2}"
EndProject
Global
	GlobalSection(SolutionConfigurationPlatforms) = preSolution
		Debug|Any CPU = Debug|Any CPU
		Release|Any CPU = Release|Any CPU
	EndGlobalSection
	GlobalSection(ProjectConfigurationPlatforms) = postSolution
		{EDC2BEE8-7B0E-4B42-A1BB-1385F12AD5B2}.Debug|Any CPU.ActiveCfg = Debug|Any CPU
		{EDC2BEE8-7B0E-4B42-A1BB-1385F12AD5B2}.Debug|Any CPU.Build.0 = Debug|Any CPU
		{EDC2BEE8-7B0E-4B42-A1BB-1385F12AD5B2}.Release|Any CPU.ActiveCfg = Release|Any CPU
		{EDC2BEE8-7B0E-4B42-A1BB-1385F12AD5B2}.Release|Any CPU.Build.0 = Release|Any CPU
	EndGlobalSection
	GlobalSection(SolutionProperties) = preSolution
		HideSolutionNode = FALSE
	EndGlobalSection
	GlobalSection(ExtensibilityGlobals) = postSolution
		SolutionGuid = {08F89CF4-4EB2-40C1-BD92-7EF21E638170}
	EndGlobalSection
EndGlobal
